
Microsoft Visual Studio Solution File, Format Version 12.00
# Visual Studio Version 16
VisualStudioVersion = 16.0.30717.126
MinimumVisualStudioVersion = 10.0.40219.1
Project("{FAE04EC0-301F-11D3-BF4B-00C04F79EFBC}") = "Validation", "Validation\Validation.csproj", "{F4BDBC10-17DA-4E7F-9069-01147D59EF03}"
EndProject
Global
	GlobalSection(SolutionConfigurationPlatforms) = preSolution
		Debug|Any CPU = Debug|Any CPU
		Release|Any CPU = Release|Any CPU
	EndGlobalSection
	GlobalSection(ProjectConfigurationPlatforms) = postSolution
		{F4BDBC10-17DA-4E7F-9069-01147D59EF03}.Debug|Any CPU.ActiveCfg = Debug|Any CPU
		{F4BDBC10-17DA-4E7F-9069-01147D59EF03}.Debug|Any CPU.Build.0 = Debug|Any CPU
		{F4BDBC10-17DA-4E7F-9069-01147D59EF03}.Release|Any CPU.ActiveCfg = Release|Any CPU
		{F4BDBC10-17DA-4E7F-9069-01147D59EF03}.Release|Any CPU.Build.0 = Release|Any CPU
	EndGlobalSection
	GlobalSection(SolutionProperties) = preSolution
		HideSolutionNode = FALSE
	EndGlobalSection
	GlobalSection(ExtensibilityGlobals) = postSolution
		SolutionGuid = {E8139E02-5858-493D-9FBA-F1C80B6D40F7}
	EndGlobalSection
EndGlobal
