
Microsoft Visual Studio Solution File, Format Version 12.00
# Visual Studio Version 16
VisualStudioVersion = 16.0.30717.126
MinimumVisualStudioVersion = 10.0.40219.1
Project("{FAE04EC0-301F-11D3-BF4B-00C04F79EFBC}") = "AuthenticationAuthorisation", "AuthenticationAuthorisation\AuthenticationAuthorisation.csproj", "{EDDDF5AE-8061-4510-8918-EBE002F2936F}"
EndProject
Global
	GlobalSection(SolutionConfigurationPlatforms) = preSolution
		Debug|Any CPU = Debug|Any CPU
		Release|Any CPU = Release|Any CPU
	EndGlobalSection
	GlobalSection(ProjectConfigurationPlatforms) = postSolution
		{EDDDF5AE-8061-4510-8918-EBE002F2936F}.Debug|Any CPU.ActiveCfg = Debug|Any CPU
		{EDDDF5AE-8061-4510-8918-EBE002F2936F}.Debug|Any CPU.Build.0 = Debug|Any CPU
		{EDDDF5AE-8061-4510-8918-EBE002F2936F}.Release|Any CPU.ActiveCfg = Release|Any CPU
		{EDDDF5AE-8061-4510-8918-EBE002F2936F}.Release|Any CPU.Build.0 = Release|Any CPU
	EndGlobalSection
	GlobalSection(SolutionProperties) = preSolution
		HideSolutionNode = FALSE
	EndGlobalSection
	GlobalSection(ExtensibilityGlobals) = postSolution
		SolutionGuid = {588F2FDC-0B7B-4963-876E-4F90BC2C24B8}
	EndGlobalSection
EndGlobal
